
Microsoft Visual Studio Solution File, Format Version 12.00
# Visual Studio Version 16
VisualStudioVersion = 16.0.29806.167
MinimumVisualStudioVersion = 10.0.40219.1
Project("{9A19103F-16F7-4668-BE54-9A1E7A4F7556}") = "WordCounter.Worker", "WordCounter.Worker.csproj", "{B21B0574-AAA9-41A0-8D82-FF9E40EEAF18}"
EndProject
Project("{9A19103F-16F7-4668-BE54-9A1E7A4F7556}") = "WordCounter.Common", "WordCounter.Common\WordCounter.Common.csproj", "{520EB11C-074E-41F9-A9D7-1AFA763F6677}"
EndProject
Global
	GlobalSection(SolutionConfigurationPlatforms) = preSolution
		Debug|Any CPU = Debug|Any CPU
		Release|Any CPU = Release|Any CPU
	EndGlobalSection
	GlobalSection(ProjectConfigurationPlatforms) = postSolution
		{B21B0574-AAA9-41A0-8D82-FF9E40EEAF18}.Debug|Any CPU.ActiveCfg = Debug|Any CPU
		{B21B0574-AAA9-41A0-8D82-FF9E40EEAF18}.Debug|Any CPU.Build.0 = Debug|Any CPU
		{B21B0574-AAA9-41A0-8D82-FF9E40EEAF18}.Release|Any CPU.ActiveCfg = Release|Any CPU
		{B21B0574-AAA9-41A0-8D82-FF9E40EEAF18}.Release|Any CPU.Build.0 = Release|Any CPU
		{520EB11C-074E-41F9-A9D7-1AFA763F6677}.Debug|Any CPU.ActiveCfg = Debug|Any CPU
		{520EB11C-074E-41F9-A9D7-1AFA763F6677}.Debug|Any CPU.Build.0 = Debug|Any CPU
		{520EB11C-074E-41F9-A9D7-1AFA763F6677}.Release|Any CPU.ActiveCfg = Release|Any CPU
		{520EB11C-074E-41F9-A9D7-1AFA763F6677}.Release|Any CPU.Build.0 = Release|Any CPU
	EndGlobalSection
	GlobalSection(SolutionProperties) = preSolution
		HideSolutionNode = FALSE
	EndGlobalSection
	GlobalSection(ExtensibilityGlobals) = postSolution
		SolutionGuid = {848B36CC-63B9-409E-8F4A-73EB419B64EA}
	EndGlobalSection
EndGlobal
